
Microsoft Visual Studio Solution File, Format Version 12.00
# Visual Studio Version 17
VisualStudioVersion = 17.5.33530.505
MinimumVisualStudioVersion = 10.0.40219.1
Project("{FAE04EC0-301F-11D3-BF4B-00C04F79EFBC}") = "QRCodeGeneratorApi", "QRCodeGenerator\QRCodeGeneratorApi.csproj", "{1DF1E417-74C6-44C1-9FDC-80DAD971A9A8}"
EndProject
Project("{FAE04EC0-301F-11D3-BF4B-00C04F79EFBC}") = "QRCodeGeneratorRepository", "QRCodeRepository\QRCodeGeneratorRepository.csproj", "{CDE46BCD-7079-428C-A86F-2441E39E8CE3}"
EndProject
Project("{FAE04EC0-301F-11D3-BF4B-00C04F79EFBC}") = "QRCodeGeneratorSharedKernel", "QRCodeGeneratorSharedKernel\QRCodeGeneratorSharedKernel.csproj", "{9CBC1FB9-2964-4FBC-BD99-1C9D45C5A63B}"
EndProject
Project("{FAE04EC0-301F-11D3-BF4B-00C04F79EFBC}") = "QRCodeGeneratorDomain", "QRCodeGeneratorDomain\QRCodeGeneratorDomain.csproj", "{0340E0D8-7520-4267-AA88-C67494B333F0}"
EndProject
Global
	GlobalSection(SolutionConfigurationPlatforms) = preSolution
		Debug|Any CPU = Debug|Any CPU
		Release|Any CPU = Release|Any CPU
	EndGlobalSection
	GlobalSection(ProjectConfigurationPlatforms) = postSolution
		{1DF1E417-74C6-44C1-9FDC-80DAD971A9A8}.Debug|Any CPU.ActiveCfg = Debug|Any CPU
		{1DF1E417-74C6-44C1-9FDC-80DAD971A9A8}.Debug|Any CPU.Build.0 = Debug|Any CPU
		{1DF1E417-74C6-44C1-9FDC-80DAD971A9A8}.Release|Any CPU.ActiveCfg = Release|Any CPU
		{1DF1E417-74C6-44C1-9FDC-80DAD971A9A8}.Release|Any CPU.Build.0 = Release|Any CPU
		{CDE46BCD-7079-428C-A86F-2441E39E8CE3}.Debug|Any CPU.ActiveCfg = Debug|Any CPU
		{CDE46BCD-7079-428C-A86F-2441E39E8CE3}.Debug|Any CPU.Build.0 = Debug|Any CPU
		{CDE46BCD-7079-428C-A86F-2441E39E8CE3}.Release|Any CPU.ActiveCfg = Release|Any CPU
		{CDE46BCD-7079-428C-A86F-2441E39E8CE3}.Release|Any CPU.Build.0 = Release|Any CPU
		{9CBC1FB9-2964-4FBC-BD99-1C9D45C5A63B}.Debug|Any CPU.ActiveCfg = Debug|Any CPU
		{9CBC1FB9-2964-4FBC-BD99-1C9D45C5A63B}.Debug|Any CPU.Build.0 = Debug|Any CPU
		{9CBC1FB9-2964-4FBC-BD99-1C9D45C5A63B}.Release|Any CPU.ActiveCfg = Release|Any CPU
		{9CBC1FB9-2964-4FBC-BD99-1C9D45C5A63B}.Release|Any CPU.Build.0 = Release|Any CPU
		{0340E0D8-7520-4267-AA88-C67494B333F0}.Debug|Any CPU.ActiveCfg = Debug|Any CPU
		{0340E0D8-7520-4267-AA88-C67494B333F0}.Debug|Any CPU.Build.0 = Debug|Any CPU
		{0340E0D8-7520-4267-AA88-C67494B333F0}.Release|Any CPU.ActiveCfg = Release|Any CPU
		{0340E0D8-7520-4267-AA88-C67494B333F0}.Release|Any CPU.Build.0 = Release|Any CPU
	EndGlobalSection
	GlobalSection(SolutionProperties) = preSolution
		HideSolutionNode = FALSE
	EndGlobalSection
	GlobalSection(ExtensibilityGlobals) = postSolution
		SolutionGuid = {7DCB1A20-15BF-42F5-94E2-D712439D4689}
	EndGlobalSection
EndGlobal
